
Microsoft Visual Studio Solution File, Format Version 12.00
# Visual Studio Version 16
VisualStudioVersion = 16.0.29306.81
MinimumVisualStudioVersion = 10.0.40219.1
Project("{FAE04EC0-301F-11D3-BF4B-00C04F79EFBC}") = "DA_DBMS", "DA_DBMS\DA_DBMS.csproj", "{61BFFE8F-AF5E-45C1-807D-682F6028664C}"
EndProject
Global
	GlobalSection(SolutionConfigurationPlatforms) = preSolution
		Debug|Any CPU = Debug|Any CPU
		Release|Any CPU = Release|Any CPU
	EndGlobalSection
	GlobalSection(ProjectConfigurationPlatforms) = postSolution
		{61BFFE8F-AF5E-45C1-807D-682F6028664C}.Debug|Any CPU.ActiveCfg = Debug|Any CPU
		{61BFFE8F-AF5E-45C1-807D-682F6028664C}.Debug|Any CPU.Build.0 = Debug|Any CPU
		{61BFFE8F-AF5E-45C1-807D-682F6028664C}.Release|Any CPU.ActiveCfg = Release|Any CPU
		{61BFFE8F-AF5E-45C1-807D-682F6028664C}.Release|Any CPU.Build.0 = Release|Any CPU
	EndGlobalSection
	GlobalSection(SolutionProperties) = preSolution
		HideSolutionNode = FALSE
	EndGlobalSection
	GlobalSection(ExtensibilityGlobals) = postSolution
		SolutionGuid = {8B976BD1-3FF9-4F28-8B4E-D63B954D76A1}
	EndGlobalSection
EndGlobal
